
Microsoft Visual Studio Solution File, Format Version 12.00
# Visual Studio 15
VisualStudioVersion = 15.0.28307.271
MinimumVisualStudioVersion = 10.0.40219.1
Project("{FAE04EC0-301F-11D3-BF4B-00C04F79EFBC}") = "Agon", "Agon\Agon.csproj", "{CC553923-788C-436B-87F4-036376520634}"
EndProject
Global
	GlobalSection(SolutionConfigurationPlatforms) = preSolution
		Debug|Any CPU = Debug|Any CPU
		Release|Any CPU = Release|Any CPU
	EndGlobalSection
	GlobalSection(ProjectConfigurationPlatforms) = postSolution
		{CC553923-788C-436B-87F4-036376520634}.Debug|Any CPU.ActiveCfg = Debug|Any CPU
		{CC553923-788C-436B-87F4-036376520634}.Debug|Any CPU.Build.0 = Debug|Any CPU
		{CC553923-788C-436B-87F4-036376520634}.Release|Any CPU.ActiveCfg = Release|Any CPU
		{CC553923-788C-436B-87F4-036376520634}.Release|Any CPU.Build.0 = Release|Any CPU
	EndGlobalSection
	GlobalSection(SolutionProperties) = preSolution
		HideSolutionNode = FALSE
	EndGlobalSection
	GlobalSection(ExtensibilityGlobals) = postSolution
		SolutionGuid = {2F6EB21E-BC5D-4FC0-B8C5-9D16AE5D7EF2}
	EndGlobalSection
EndGlobal
